// !$*UTF8*$!
{
	archiveVersion = 1;
	classes = {
	};
	objectVersion = 54;
	objects = {

/* Begin PBXBuildFile section */
		550C63AB1FDE4D8A007841BC /* ShieldController.m in Sources */ = {isa = PBXBuildFile; fileRef = 550C63AA1FDE4D8A007841BC /* ShieldController.m */; };
		55416FF71FDE0E9500D7529A /* MainMenu.xib in Resources */ = {isa = PBXBuildFile; fileRef = 55416FF51FDE0E9500D7529A /* MainMenu.xib */; };
		554170051FDE0EE000D7529A /* main.m in Sources */ = {isa = PBXBuildFile; fileRef = 554170021FDE0EE000D7529A /* main.m */; };
		554170061FDE0EE000D7529A /* AppDelegate.m in Sources */ = {isa = PBXBuildFile; fileRef = 554170041FDE0EE000D7529A /* AppDelegate.m */; };
		5569A43025E5EC520003650E /* FileMover.m in Sources */ = {isa = PBXBuildFile; fileRef = 5569A42F25E5EC520003650E /* FileMover.m */; };
		5574420E25E34C5900EDEE98 /* Utils.m in Sources */ = {isa = PBXBuildFile; fileRef = 5574420D25E34C5900EDEE98 /* Utils.m */; };
		55F657B62C9768DD000C07F0 /* Assets.xcassets in Resources */ = {isa = PBXBuildFile; fileRef = 55F657B52C9768DD000C07F0 /* Assets.xcassets */; };
/* End PBXBuildFile section */

/* Begin PBXCopyFilesBuildPhase section */
		550C63951FDE3558007841BC /* Copy LoginItems */ = {
			isa = PBXCopyFilesBuildPhase;
			buildActionMask = 2147483647;
			dstPath = Contents/Library/LoginItems;
			dstSubfolderSpec = 1;
			files = (
			);
			name = "Copy LoginItems";
			runOnlyForDeploymentPostprocessing = 0;
		};
		55406C6E20B4E915001BA95B /* CopyFiles */ = {
			isa = PBXCopyFilesBuildPhase;
			buildActionMask = 2147483647;
			dstPath = Contents/Library/LaunchServices;
			dstSubfolderSpec = 1;
			files = (
			);
			runOnlyForDeploymentPostprocessing = 0;
		};
/* End PBXCopyFilesBuildPhase section */

/* Begin PBXFileReference section */
		550C63A71FDE36C0007841BC /* Info.plist */ = {isa = PBXFileReference; fileEncoding = 4; lastKnownFileType = file.bplist; name = Info.plist; path = Resources/Info.plist; sourceTree = "<group>"; };
		550C63A91FDE4D8A007841BC /* ShieldController.h */ = {isa = PBXFileReference; lastKnownFileType = sourcecode.c.h; name = ShieldController.h; path = Source/ShieldController.h; sourceTree = "<group>"; };
		550C63AA1FDE4D8A007841BC /* ShieldController.m */ = {isa = PBXFileReference; lastKnownFileType = sourcecode.c.objc; name = ShieldController.m; path = Source/ShieldController.m; sourceTree = "<group>"; };
		55416FED1FDE0E9500D7529A /* DesktopShield.app */ = {isa = PBXFileReference; explicitFileType = wrapper.application; includeInIndex = 0; path = DesktopShield.app; sourceTree = BUILT_PRODUCTS_DIR; };
		55416FF61FDE0E9500D7529A /* Base */ = {isa = PBXFileReference; lastKnownFileType = file.xib; name = Base; path = Base.lproj/MainMenu.xib; sourceTree = "<group>"; };
		554170021FDE0EE000D7529A /* main.m */ = {isa = PBXFileReference; fileEncoding = 4; lastKnownFileType = sourcecode.c.objc; name = main.m; path = Source/main.m; sourceTree = SOURCE_ROOT; };
		554170031FDE0EE000D7529A /* AppDelegate.h */ = {isa = PBXFileReference; fileEncoding = 4; lastKnownFileType = sourcecode.c.h; name = AppDelegate.h; path = Source/AppDelegate.h; sourceTree = SOURCE_ROOT; };
		554170041FDE0EE000D7529A /* AppDelegate.m */ = {isa = PBXFileReference; fileEncoding = 4; lastKnownFileType = sourcecode.c.objc; name = AppDelegate.m; path = Source/AppDelegate.m; sourceTree = SOURCE_ROOT; };
		5569A42E25E5EC520003650E /* FileMover.h */ = {isa = PBXFileReference; lastKnownFileType = sourcecode.c.h; name = FileMover.h; path = Source/FileMover.h; sourceTree = "<group>"; };
		5569A42F25E5EC520003650E /* FileMover.m */ = {isa = PBXFileReference; lastKnownFileType = sourcecode.c.objc; name = FileMover.m; path = Source/FileMover.m; sourceTree = "<group>"; };
		5574420C25E34C5900EDEE98 /* Utils.h */ = {isa = PBXFileReference; lastKnownFileType = sourcecode.c.h; name = Utils.h; path = Source/Utils.h; sourceTree = "<group>"; };
		5574420D25E34C5900EDEE98 /* Utils.m */ = {isa = PBXFileReference; lastKnownFileType = sourcecode.c.objc; name = Utils.m; path = Source/Utils.m; sourceTree = "<group>"; };
		55F657B52C9768DD000C07F0 /* Assets.xcassets */ = {isa = PBXFileReference; lastKnownFileType = folder.assetcatalog; name = Assets.xcassets; path = Resources/Assets.xcassets; sourceTree = "<group>"; };
/* End PBXFileReference section */

/* Begin PBXFrameworksBuildPhase section */
		55416FEA1FDE0E9500D7529A /* Frameworks */ = {
			isa = PBXFrameworksBuildPhase;
			buildActionMask = 2147483647;
			files = (
			);
			runOnlyForDeploymentPostprocessing = 0;
		};
/* End PBXFrameworksBuildPhase section */

/* Begin PBXGroup section */
		55416FE41FDE0E9500D7529A = {
			isa = PBXGroup;
			children = (
				554170011FDE0ED000D7529A /* Source */,
				55416FEF1FDE0E9500D7529A /* Resources */,
				55416FEE1FDE0E9500D7529A /* Products */,
			);
			sourceTree = "<group>";
		};
		55416FEE1FDE0E9500D7529A /* Products */ = {
			isa = PBXGroup;
			children = (
				55416FED1FDE0E9500D7529A /* DesktopShield.app */,
			);
			name = Products;
			sourceTree = "<group>";
		};
		55416FEF1FDE0E9500D7529A /* Resources */ = {
			isa = PBXGroup;
			children = (
				55F657B52C9768DD000C07F0 /* Assets.xcassets */,
				550C63A71FDE36C0007841BC /* Info.plist */,
				55416FF51FDE0E9500D7529A /* MainMenu.xib */,
			);
			name = Resources;
			sourceTree = "<group>";
		};
		554170011FDE0ED000D7529A /* Source */ = {
			isa = PBXGroup;
			children = (
				550C63A91FDE4D8A007841BC /* ShieldController.h */,
				550C63AA1FDE4D8A007841BC /* ShieldController.m */,
				554170031FDE0EE000D7529A /* AppDelegate.h */,
				554170041FDE0EE000D7529A /* AppDelegate.m */,
				5569A42E25E5EC520003650E /* FileMover.h */,
				5569A42F25E5EC520003650E /* FileMover.m */,
				5574420C25E34C5900EDEE98 /* Utils.h */,
				5574420D25E34C5900EDEE98 /* Utils.m */,
				554170021FDE0EE000D7529A /* main.m */,
			);
			name = Source;
			sourceTree = "<group>";
		};
/* End PBXGroup section */

/* Begin PBXNativeTarget section */
		55416FEC1FDE0E9500D7529A /* DesktopShield */ = {
			isa = PBXNativeTarget;
			buildConfigurationList = 55416FFE1FDE0E9500D7529A /* Build configuration list for PBXNativeTarget "DesktopShield" */;
			buildPhases = (
				55416FE91FDE0E9500D7529A /* Sources */,
				55416FEA1FDE0E9500D7529A /* Frameworks */,
				55416FEB1FDE0E9500D7529A /* Resources */,
				55406C6E20B4E915001BA95B /* CopyFiles */,
				550C63951FDE3558007841BC /* Copy LoginItems */,
				5557E833262BB679005A697D /* ShellScript */,
			);
			buildRules = (
			);
			dependencies = (
			);
			name = DesktopShield;
			productName = IccirDock;
			productReference = 55416FED1FDE0E9500D7529A /* DesktopShield.app */;
			productType = "com.apple.product-type.application";
		};
/* End PBXNativeTarget section */

/* Begin PBXProject section */
		55416FE51FDE0E9500D7529A /* Project object */ = {
			isa = PBXProject;
			attributes = {
				BuildIndependentTargetsInParallel = YES;
				LastUpgradeCheck = 1540;
				ORGANIZATIONNAME = "Ricci Adams";
				TargetAttributes = {
					55416FEC1FDE0E9500D7529A = {
						CreatedOnToolsVersion = 9.2;
						ProvisioningStyle = Manual;
					};
				};
			};
			buildConfigurationList = 55416FE81FDE0E9500D7529A /* Build configuration list for PBXProject "DesktopShield" */;
			compatibilityVersion = "Xcode 8.0";
			developmentRegion = en;
			hasScannedForEncodings = 0;
			knownRegions = (
				en,
				Base,
			);
			mainGroup = 55416FE41FDE0E9500D7529A;
			productRefGroup = 55416FEE1FDE0E9500D7529A /* Products */;
			projectDirPath = "";
			projectRoot = "";
			targets = (
				55416FEC1FDE0E9500D7529A /* DesktopShield */,
			);
		};
/* End PBXProject section */

/* Begin PBXResourcesBuildPhase section */
		55416FEB1FDE0E9500D7529A /* Resources */ = {
			isa = PBXResourcesBuildPhase;
			buildActionMask = 2147483647;
			files = (
				55F657B62C9768DD000C07F0 /* Assets.xcassets in Resources */,
				55416FF71FDE0E9500D7529A /* MainMenu.xib in Resources */,
			);
			runOnlyForDeploymentPostprocessing = 0;
		};
/* End PBXResourcesBuildPhase section */

/* Begin PBXShellScriptBuildPhase section */
		5557E833262BB679005A697D /* ShellScript */ = {
			isa = PBXShellScriptBuildPhase;
			alwaysOutOfDate = 1;
			buildActionMask = 12;
			files = (
			);
			inputFileListPaths = (
			);
			inputPaths = (
			);
			outputFileListPaths = (
			);
			outputPaths = (
			);
			runOnlyForDeploymentPostprocessing = 0;
			shellPath = /bin/sh;
			shellScript = "cp -R $BUILT_PRODUCTS_DIR/$PRODUCT_NAME.app /Applications\ncodesign -f -s - /Applications/$PRODUCT_NAME.app\n";
		};
/* End PBXShellScriptBuildPhase section */

/* Begin PBXSourcesBuildPhase section */
		55416FE91FDE0E9500D7529A /* Sources */ = {
			isa = PBXSourcesBuildPhase;
			buildActionMask = 2147483647;
			files = (
				554170061FDE0EE000D7529A /* AppDelegate.m in Sources */,
				550C63AB1FDE4D8A007841BC /* ShieldController.m in Sources */,
				5574420E25E34C5900EDEE98 /* Utils.m in Sources */,
				554170051FDE0EE000D7529A /* main.m in Sources */,
				5569A43025E5EC520003650E /* FileMover.m in Sources */,
			);
			runOnlyForDeploymentPostprocessing = 0;
		};
/* End PBXSourcesBuildPhase section */

/* Begin PBXVariantGroup section */
		55416FF51FDE0E9500D7529A /* MainMenu.xib */ = {
			isa = PBXVariantGroup;
			children = (
				55416FF61FDE0E9500D7529A /* Base */,
			);
			name = MainMenu.xib;
			path = Resources;
			sourceTree = SOURCE_ROOT;
		};
/* End PBXVariantGroup section */

/* Begin XCBuildConfiguration section */
		55416FFC1FDE0E9500D7529A /* Debug */ = {
			isa = XCBuildConfiguration;
			buildSettings = {
				ALWAYS_SEARCH_USER_PATHS = NO;
				ASSETCATALOG_COMPILER_APPICON_NAME = AppIcon;
				CLANG_ANALYZER_NONNULL = YES;
				CLANG_ANALYZER_NUMBER_OBJECT_CONVERSION = YES_AGGRESSIVE;
				CLANG_CXX_LANGUAGE_STANDARD = "gnu++14";
				CLANG_CXX_LIBRARY = "libc++";
				CLANG_ENABLE_MODULES = YES;
				CLANG_ENABLE_OBJC_ARC = YES;
				CLANG_WARN_BLOCK_CAPTURE_AUTORELEASING = YES;
				CLANG_WARN_BOOL_CONVERSION = YES;
				CLANG_WARN_COMMA = YES;
				CLANG_WARN_CONSTANT_CONVERSION = YES;
				CLANG_WARN_DEPRECATED_OBJC_IMPLEMENTATIONS = YES;
				CLANG_WARN_DIRECT_OBJC_ISA_USAGE = YES_ERROR;
				CLANG_WARN_DOCUMENTATION_COMMENTS = YES;
				CLANG_WARN_EMPTY_BODY = YES;
				CLANG_WARN_ENUM_CONVERSION = YES;
				CLANG_WARN_INFINITE_RECURSION = YES;
				CLANG_WARN_INT_CONVERSION = YES;
				CLANG_WARN_NON_LITERAL_NULL_CONVERSION = YES;
				CLANG_WARN_OBJC_IMPLICIT_RETAIN_SELF = YES;
				CLANG_WARN_OBJC_LITERAL_CONVERSION = YES;
				CLANG_WARN_OBJC_ROOT_CLASS = YES_ERROR;
				CLANG_WARN_QUOTED_INCLUDE_IN_FRAMEWORK_HEADER = YES;
				CLANG_WARN_RANGE_LOOP_ANALYSIS = YES;
				CLANG_WARN_STRICT_PROTOTYPES = YES;
				CLANG_WARN_SUSPICIOUS_MOVE = YES;
				CLANG_WARN_UNGUARDED_AVAILABILITY = YES_AGGRESSIVE;
				CLANG_WARN_UNREACHABLE_CODE = YES;
				CLANG_WARN__DUPLICATE_METHOD_MATCH = YES;
				CODE_SIGN_IDENTITY = "-";
				COPY_PHASE_STRIP = NO;
				DEAD_CODE_STRIPPING = YES;
				DEBUG_INFORMATION_FORMAT = dwarf;
				ENABLE_HARDENED_RUNTIME = NO;
				ENABLE_STRICT_OBJC_MSGSEND = YES;
				ENABLE_TESTABILITY = YES;
				ENABLE_USER_SCRIPT_SANDBOXING = YES;
				GCC_C_LANGUAGE_STANDARD = gnu11;
				GCC_DYNAMIC_NO_PIC = NO;
				GCC_NO_COMMON_BLOCKS = YES;
				GCC_OPTIMIZATION_LEVEL = 0;
				GCC_PREPROCESSOR_DEFINITIONS = (
					"DEBUG=1",
					"$(inherited)",
				);
				GCC_WARN_64_TO_32_BIT_CONVERSION = YES;
				GCC_WARN_ABOUT_RETURN_TYPE = YES_ERROR;
				GCC_WARN_UNDECLARED_SELECTOR = YES;
				GCC_WARN_UNINITIALIZED_AUTOS = YES_AGGRESSIVE;
				GCC_WARN_UNUSED_FUNCTION = YES;
				GCC_WARN_UNUSED_VARIABLE = YES;
				MACOSX_DEPLOYMENT_TARGET = 10.15;
				MTL_ENABLE_DEBUG_INFO = YES;
				ONLY_ACTIVE_ARCH = YES;
				SDKROOT = macosx;
			};
			name = Debug;
		};
		55416FFD1FDE0E9500D7529A /* Release */ = {
			isa = XCBuildConfiguration;
			buildSettings = {
				ALWAYS_SEARCH_USER_PATHS = NO;
				ASSETCATALOG_COMPILER_APPICON_NAME = AppIcon;
				CLANG_ANALYZER_NONNULL = YES;
				CLANG_ANALYZER_NUMBER_OBJECT_CONVERSION = YES_AGGRESSIVE;
				CLANG_CXX_LANGUAGE_STANDARD = "gnu++14";
				CLANG_CXX_LIBRARY = "libc++";
				CLANG_ENABLE_MODULES = YES;
				CLANG_ENABLE_OBJC_ARC = YES;
				CLANG_WARN_BLOCK_CAPTURE_AUTORELEASING = YES;
				CLANG_WARN_BOOL_CONVERSION = YES;
				CLANG_WARN_COMMA = YES;
				CLANG_WARN_CONSTANT_CONVERSION = YES;
				CLANG_WARN_DEPRECATED_OBJC_IMPLEMENTATIONS = YES;
				CLANG_WARN_DIRECT_OBJC_ISA_USAGE = YES_ERROR;
				CLANG_WARN_DOCUMENTATION_COMMENTS = YES;
				CLANG_WARN_EMPTY_BODY = YES;
				CLANG_WARN_ENUM_CONVERSION = YES;
				CLANG_WARN_INFINITE_RECURSION = YES;
				CLANG_WARN_INT_CONVERSION = YES;
				CLANG_WARN_NON_LITERAL_NULL_CONVERSION = YES;
				CLANG_WARN_OBJC_IMPLICIT_RETAIN_SELF = YES;
				CLANG_WARN_OBJC_LITERAL_CONVERSION = YES;
				CLANG_WARN_OBJC_ROOT_CLASS = YES_ERROR;
				CLANG_WARN_QUOTED_INCLUDE_IN_FRAMEWORK_HEADER = YES;
				CLANG_WARN_RANGE_LOOP_ANALYSIS = YES;
				CLANG_WARN_STRICT_PROTOTYPES = YES;
				CLANG_WARN_SUSPICIOUS_MOVE = YES;
				CLANG_WARN_UNGUARDED_AVAILABILITY = YES_AGGRESSIVE;
				CLANG_WARN_UNREACHABLE_CODE = YES;
				CLANG_WARN__DUPLICATE_METHOD_MATCH = YES;
				CODE_SIGN_IDENTITY = "-";
				COPY_PHASE_STRIP = NO;
				DEAD_CODE_STRIPPING = YES;
				DEBUG_INFORMATION_FORMAT = "dwarf-with-dsym";
				ENABLE_HARDENED_RUNTIME = NO;
				ENABLE_NS_ASSERTIONS = NO;
				ENABLE_STRICT_OBJC_MSGSEND = YES;
				ENABLE_USER_SCRIPT_SANDBOXING = YES;
				GCC_C_LANGUAGE_STANDARD = gnu11;
				GCC_NO_COMMON_BLOCKS = YES;
				GCC_WARN_64_TO_32_BIT_CONVERSION = YES;
				GCC_WARN_ABOUT_RETURN_TYPE = YES_ERROR;
				GCC_WARN_UNDECLARED_SELECTOR = YES;
				GCC_WARN_UNINITIALIZED_AUTOS = YES_AGGRESSIVE;
				GCC_WARN_UNUSED_FUNCTION = YES;
				GCC_WARN_UNUSED_VARIABLE = YES;
				MACOSX_DEPLOYMENT_TARGET = 10.15;
				MTL_ENABLE_DEBUG_INFO = NO;
				SDKROOT = macosx;
			};
			name = Release;
		};
		55416FFF1FDE0E9500D7529A /* Debug */ = {
			isa = XCBuildConfiguration;
			buildSettings = {
				CODE_SIGN_IDENTITY = "-";
				"CODE_SIGN_IDENTITY[sdk=*]" = "-";
				CODE_SIGN_STYLE = Manual;
				COMBINE_HIDPI_IMAGES = YES;
				CURRENT_PROJECT_VERSION = 100;
				DEAD_CODE_STRIPPING = YES;
				DEVELOPMENT_TEAM = 3DF63HD22U;
				INFOPLIST_FILE = Resources/Info.plist;
				LD_RUNPATH_SEARCH_PATHS = (
					"$(inherited)",
					"@executable_path/../Frameworks",
				);
				MACOSX_DEPLOYMENT_TARGET = 10.15;
				MARKETING_VERSION = 1.0;
				PRODUCT_BUNDLE_IDENTIFIER = com.iccir.DesktopShield;
				PRODUCT_NAME = "$(TARGET_NAME)";
				PROVISIONING_PROFILE = "";
				PROVISIONING_PROFILE_SPECIFIER = "";
			};
			name = Debug;
		};
		554170001FDE0E9500D7529A /* Release */ = {
			isa = XCBuildConfiguration;
			buildSettings = {
				CODE_SIGN_IDENTITY = "-";
				CODE_SIGN_STYLE = Manual;
				COMBINE_HIDPI_IMAGES = YES;
				CURRENT_PROJECT_VERSION = 100;
				DEAD_CODE_STRIPPING = YES;
				DEVELOPMENT_TEAM = 3DF63HD22U;
				INFOPLIST_FILE = Resources/Info.plist;
				LD_RUNPATH_SEARCH_PATHS = (
					"$(inherited)",
					"@executable_path/../Frameworks",
				);
				MACOSX_DEPLOYMENT_TARGET = 10.15;
				MARKETING_VERSION = 1.0;
				PRODUCT_BUNDLE_IDENTIFIER = com.iccir.DesktopShield;
				PRODUCT_NAME = "$(TARGET_NAME)";
				PROVISIONING_PROFILE_SPECIFIER = "";
			};
			name = Release;
		};
/* End XCBuildConfiguration section */

/* Begin XCConfigurationList section */
		55416FE81FDE0E9500D7529A /* Build configuration list for PBXProject "DesktopShield" */ = {
			isa = XCConfigurationList;
			buildConfigurations = (
				55416FFC1FDE0E9500D7529A /* Debug */,
				55416FFD1FDE0E9500D7529A /* Release */,
			);
			defaultConfigurationIsVisible = 0;
			defaultConfigurationName = Release;
		};
		55416FFE1FDE0E9500D7529A /* Build configuration list for PBXNativeTarget "DesktopShield" */ = {
			isa = XCConfigurationList;
			buildConfigurations = (
				55416FFF1FDE0E9500D7529A /* Debug */,
				554170001FDE0E9500D7529A /* Release */,
			);
			defaultConfigurationIsVisible = 0;
			defaultConfigurationName = Release;
		};
/* End XCConfigurationList section */
	};
	rootObject = 55416FE51FDE0E9500D7529A /* Project object */;
}
